
Microsoft Visual Studio Solution File, Format Version 12.00
# Visual Studio Version 16
VisualStudioVersion = 16.0.29911.84
MinimumVisualStudioVersion = 10.0.40219.1
Project("{FAE04EC0-301F-11D3-BF4B-00C04F79EFBC}") = "ChatApp", "ChatApp.csproj", "{B042E398-3943-4EB0-A675-9837C67F0557}"
EndProject
Global
	GlobalSection(SolutionConfigurationPlatforms) = preSolution
		Debug|Any CPU = Debug|Any CPU
		Release|Any CPU = Release|Any CPU
	EndGlobalSection
	GlobalSection(ProjectConfigurationPlatforms) = postSolution
		{B042E398-3943-4EB0-A675-9837C67F0557}.Debug|Any CPU.ActiveCfg = Debug|Any CPU
		{B042E398-3943-4EB0-A675-9837C67F0557}.Debug|Any CPU.Build.0 = Debug|Any CPU
		{B042E398-3943-4EB0-A675-9837C67F0557}.Release|Any CPU.ActiveCfg = Release|Any CPU
		{B042E398-3943-4EB0-A675-9837C67F0557}.Release|Any CPU.Build.0 = Release|Any CPU
	EndGlobalSection
	GlobalSection(SolutionProperties) = preSolution
		HideSolutionNode = FALSE
	EndGlobalSection
	GlobalSection(ExtensibilityGlobals) = postSolution
		SolutionGuid = {B0A04663-3710-49FC-8BA9-9C65C14F2636}
	EndGlobalSection
EndGlobal
